
Microsoft Visual Studio Solution File, Format Version 12.00
# Visual Studio Version 16
VisualStudioVersion = 16.0.30907.101
MinimumVisualStudioVersion = 10.0.40219.1
Project("{FAE04EC0-301F-11D3-BF4B-00C04F79EFBC}") = "UoH Navigation 2", "UoH Navigation 2\UoH Navigation 2.csproj", "{BDAB234B-B6BA-4B5B-84B4-63A8A03EA454}"
EndProject
Global
	GlobalSection(SolutionConfigurationPlatforms) = preSolution
		Debug|Any CPU = Debug|Any CPU
		Release|Any CPU = Release|Any CPU
	EndGlobalSection
	GlobalSection(ProjectConfigurationPlatforms) = postSolution
		{BDAB234B-B6BA-4B5B-84B4-63A8A03EA454}.Debug|Any CPU.ActiveCfg = Debug|Any CPU
		{BDAB234B-B6BA-4B5B-84B4-63A8A03EA454}.Debug|Any CPU.Build.0 = Debug|Any CPU
		{BDAB234B-B6BA-4B5B-84B4-63A8A03EA454}.Release|Any CPU.ActiveCfg = Release|Any CPU
		{BDAB234B-B6BA-4B5B-84B4-63A8A03EA454}.Release|Any CPU.Build.0 = Release|Any CPU
	EndGlobalSection
	GlobalSection(SolutionProperties) = preSolution
		HideSolutionNode = FALSE
	EndGlobalSection
	GlobalSection(ExtensibilityGlobals) = postSolution
		SolutionGuid = {3EDF44DC-1695-42A0-AF9C-4CD17138B7D3}
	EndGlobalSection
EndGlobal
